
Microsoft Visual Studio Solution File, Format Version 12.00
# Visual Studio Version 16
VisualStudioVersion = 16.0.29215.179
MinimumVisualStudioVersion = 10.0.40219.1
Project("{9A19103F-16F7-4668-BE54-9A1E7A4F7556}") = "dnreact", "dnreact.csproj", "{9D401DCF-DEA9-4FC5-8DC8-2FEF8C6F57C1}"
EndProject
Global
	GlobalSection(SolutionConfigurationPlatforms) = preSolution
		Debug|Any CPU = Debug|Any CPU
		Release|Any CPU = Release|Any CPU
	EndGlobalSection
	GlobalSection(ProjectConfigurationPlatforms) = postSolution
		{9D401DCF-DEA9-4FC5-8DC8-2FEF8C6F57C1}.Debug|Any CPU.ActiveCfg = Debug|Any CPU
		{9D401DCF-DEA9-4FC5-8DC8-2FEF8C6F57C1}.Debug|Any CPU.Build.0 = Debug|Any CPU
		{9D401DCF-DEA9-4FC5-8DC8-2FEF8C6F57C1}.Release|Any CPU.ActiveCfg = Release|Any CPU
		{9D401DCF-DEA9-4FC5-8DC8-2FEF8C6F57C1}.Release|Any CPU.Build.0 = Release|Any CPU
	EndGlobalSection
	GlobalSection(SolutionProperties) = preSolution
		HideSolutionNode = FALSE
	EndGlobalSection
	GlobalSection(ExtensibilityGlobals) = postSolution
		SolutionGuid = {856B3E46-082D-435A-AB91-CAB83F43F90A}
	EndGlobalSection
EndGlobal
